
Microsoft Visual Studio Solution File, Format Version 12.00
# Visual Studio Version 16
VisualStudioVersion = 16.0.30907.101
MinimumVisualStudioVersion = 10.0.40219.1
Project("{FAE04EC0-301F-11D3-BF4B-00C04F79EFBC}") = "StatikMVC", "StatikMVC\StatikMVC.csproj", "{1C1E3B48-DCAD-4F44-92B6-5040741E4014}"
EndProject
Global
	GlobalSection(SolutionConfigurationPlatforms) = preSolution
		Debug|Any CPU = Debug|Any CPU
		Release|Any CPU = Release|Any CPU
	EndGlobalSection
	GlobalSection(ProjectConfigurationPlatforms) = postSolution
		{1C1E3B48-DCAD-4F44-92B6-5040741E4014}.Debug|Any CPU.ActiveCfg = Debug|Any CPU
		{1C1E3B48-DCAD-4F44-92B6-5040741E4014}.Debug|Any CPU.Build.0 = Debug|Any CPU
		{1C1E3B48-DCAD-4F44-92B6-5040741E4014}.Release|Any CPU.ActiveCfg = Release|Any CPU
		{1C1E3B48-DCAD-4F44-92B6-5040741E4014}.Release|Any CPU.Build.0 = Release|Any CPU
	EndGlobalSection
	GlobalSection(SolutionProperties) = preSolution
		HideSolutionNode = FALSE
	EndGlobalSection
	GlobalSection(ExtensibilityGlobals) = postSolution
		SolutionGuid = {8A26B00C-B665-46E4-9774-5B07D3620416}
	EndGlobalSection
EndGlobal
